{
  "name": "advent-of-code-2022",
  "version": "1.0.0",
  "lockfileVersion": 2,
  "requires": true,
  "packages": {
    "": {
      "name": "advent-of-code-2022",
      "version": "1.0.0",
      "license": "ISC",
      "dependencies": {
        "matija-utils": "^1.0.24"
      }
    },
    "node_modules/matija-utils": {
      "version": "1.0.24",
      "resolved": "https://registry.npmjs.org/matija-utils/-/matija-utils-1.0.24.tgz",
      "integrity": "sha512-pi7xsPb5Zd+2GTnzTZWvz7x1pH+WQx87ZfhulIlEpCjp85xXphWqcCPMr0vbzsOB1Diwwa5pimR0GphWQR9PFw=="
    }
  },
  "dependencies": {
    "matija-utils": {
      "version": "1.0.24",
      "resolved": "https://registry.npmjs.org/matija-utils/-/matija-utils-1.0.24.tgz",
      "integrity": "sha512-pi7xsPb5Zd+2GTnzTZWvz7x1pH+WQx87ZfhulIlEpCjp85xXphWqcCPMr0vbzsOB1Diwwa5pimR0GphWQR9PFw=="
    }
  }
}
