{
  "name": "advent-of-code-2022",
  "version": "1.0.0",
  "lockfileVersion": 2,
  "requires": true,
  "packages": {
    "": {
      "name": "advent-of-code-2022",
      "version": "1.0.0",
      "license": "ISC",
      "dependencies": {
        "matija-utils": "^1.0.26"
      }
    },
    "node_modules/matija-utils": {
      "version": "1.0.26",
      "resolved": "https://registry.npmjs.org/matija-utils/-/matija-utils-1.0.26.tgz",
      "integrity": "sha512-iYcZUA7bs3aCCOJ+kBAysb3Ce/+qzfPWnPrLKMk4Tnz6WmmnkwCcpS8aGREnBseeW3trNavo/lMVBEVk5tWryQ=="
    }
  },
  "dependencies": {
    "matija-utils": {
      "version": "1.0.26",
      "resolved": "https://registry.npmjs.org/matija-utils/-/matija-utils-1.0.26.tgz",
      "integrity": "sha512-iYcZUA7bs3aCCOJ+kBAysb3Ce/+qzfPWnPrLKMk4Tnz6WmmnkwCcpS8aGREnBseeW3trNavo/lMVBEVk5tWryQ=="
    }
  }
}
