{
  "name": "advent-of-code-2022",
  "version": "1.0.0",
  "lockfileVersion": 2,
  "requires": true,
  "packages": {
    "": {
      "name": "advent-of-code-2022",
      "version": "1.0.0",
      "license": "ISC",
      "dependencies": {
        "matija-utils": "^1.0.5"
      }
    },
    "node_modules/matija-utils": {
      "version": "1.0.5",
      "resolved": "https://registry.npmjs.org/matija-utils/-/matija-utils-1.0.5.tgz",
      "integrity": "sha512-NvpHkAaiDOAxY/vKqyhVR3qbQ/SWRXJRVbF67obw/AGGP9MsEUnhQ9CL/rnegp1yDA5j3mHci9H8y0uZeovRjA=="
    }
  },
  "dependencies": {
    "matija-utils": {
      "version": "1.0.5",
      "resolved": "https://registry.npmjs.org/matija-utils/-/matija-utils-1.0.5.tgz",
      "integrity": "sha512-NvpHkAaiDOAxY/vKqyhVR3qbQ/SWRXJRVbF67obw/AGGP9MsEUnhQ9CL/rnegp1yDA5j3mHci9H8y0uZeovRjA=="
    }
  }
}
